# @generated - this file is auto-generated by `mise lock` https://mise.jdx.dev/dev-tools/mise-lock.html

[[tools.cmake]]
version = "4.3.2"
backend = "aqua:Kitware/CMake"

[tools.cmake."platforms.linux-arm64"]
checksum = "sha256:377079ab739f5765176f427609d9a2015b756ea20d5cba908d279c3731a2f481"
url = "https://github.com/Kitware/CMake/releases/download/v4.3.2/cmake-4.3.2-linux-aarch64.tar.gz"

[tools.cmake."platforms.linux-arm64-musl"]
checksum = "sha256:377079ab739f5765176f427609d9a2015b756ea20d5cba908d279c3731a2f481"
url = "https://github.com/Kitware/CMake/releases/download/v4.3.2/cmake-4.3.2-linux-aarch64.tar.gz"

[tools.cmake."platforms.linux-x64"]
checksum = "sha256:791ae3604841ca03cb3889a3ad89165346e4b180ae3448efd4b0caa9ef46d245"
url = "https://github.com/Kitware/CMake/releases/download/v4.3.2/cmake-4.3.2-linux-x86_64.tar.gz"

[tools.cmake."platforms.linux-x64-musl"]
checksum = "sha256:791ae3604841ca03cb3889a3ad89165346e4b180ae3448efd4b0caa9ef46d245"
url = "https://github.com/Kitware/CMake/releases/download/v4.3.2/cmake-4.3.2-linux-x86_64.tar.gz"

[tools.cmake."platforms.macos-arm64"]
checksum = "sha256:808ab43a0db04c8eec9ed7db12b90d7be1c8e2e75f4a060724d604a2043ccaf7"
url = "https://github.com/Kitware/CMake/releases/download/v4.3.2/cmake-4.3.2-macos-universal.tar.gz"

[tools.cmake."platforms.macos-x64"]
checksum = "sha256:808ab43a0db04c8eec9ed7db12b90d7be1c8e2e75f4a060724d604a2043ccaf7"
url = "https://github.com/Kitware/CMake/releases/download/v4.3.2/cmake-4.3.2-macos-universal.tar.gz"

[tools.cmake."platforms.windows-x64"]
checksum = "sha256:83d20c23f5c5f64b3b328785e35b23c532e33057a97ed6294acaca3781b78a01"
url = "https://github.com/Kitware/CMake/releases/download/v4.3.2/cmake-4.3.2-windows-x86_64.zip"

[[tools.node]]
version = "22.22.2"
backend = "core:node"

[tools.node."platforms.linux-arm64"]
checksum = "sha256:b2f3a96f31486bfc365192ad65ced14833ad2a3c2e1bcefec4846902f264fa28"
url = "https://nodejs.org/dist/v22.22.2/node-v22.22.2-linux-arm64.tar.gz"

[tools.node."platforms.linux-arm64-musl"]
checksum = "sha256:b2f3a96f31486bfc365192ad65ced14833ad2a3c2e1bcefec4846902f264fa28"
url = "https://nodejs.org/dist/v22.22.2/node-v22.22.2-linux-arm64.tar.gz"

[tools.node."platforms.linux-x64"]
checksum = "sha256:978978a635eef872fa68beae09f0aad0bbbae6757e444da80b570964a97e62a3"
url = "https://nodejs.org/dist/v22.22.2/node-v22.22.2-linux-x64.tar.gz"

[tools.node."platforms.linux-x64-musl"]
checksum = "sha256:978978a635eef872fa68beae09f0aad0bbbae6757e444da80b570964a97e62a3"
url = "https://nodejs.org/dist/v22.22.2/node-v22.22.2-linux-x64.tar.gz"

[tools.node."platforms.macos-arm64"]
checksum = "sha256:db4b275b83736df67533529a18cc55de2549a8329ace6c7bcc68f8d22d3c9000"
url = "https://nodejs.org/dist/v22.22.2/node-v22.22.2-darwin-arm64.tar.gz"

[tools.node."platforms.macos-x64"]
checksum = "sha256:12a6abb9c2902cf48a21120da13f87fde1ed1b71a13330712949e8db818708ba"
url = "https://nodejs.org/dist/v22.22.2/node-v22.22.2-darwin-x64.tar.gz"

[tools.node."platforms.windows-x64"]
checksum = "sha256:7c93e9d92bf68c07182b471aa187e35ee6cd08ef0f24ab060dfff605fcc1c57c"
url = "https://nodejs.org/dist/v22.22.2/node-v22.22.2-win-x64.zip"

[[tools.pnpm]]
version = "10.20.0"
backend = "aqua:pnpm/pnpm"

[tools.pnpm."platforms.linux-arm64"]
checksum = "sha256:4764bda31f770121b8ff3cd5edfb1ed24afa16046b992fd00028150bf080fbff"
url = "https://github.com/pnpm/pnpm/releases/download/v10.20.0/pnpm-linux-arm64"

[tools.pnpm."platforms.linux-arm64-musl"]
checksum = "sha256:4764bda31f770121b8ff3cd5edfb1ed24afa16046b992fd00028150bf080fbff"
url = "https://github.com/pnpm/pnpm/releases/download/v10.20.0/pnpm-linux-arm64"

[tools.pnpm."platforms.linux-x64"]
checksum = "sha256:d25defac8655080add042decfa94b5c3b28cafbb048edd4de6dc2c41f9220418"
url = "https://github.com/pnpm/pnpm/releases/download/v10.20.0/pnpm-linux-x64"

[tools.pnpm."platforms.linux-x64-musl"]
checksum = "sha256:d25defac8655080add042decfa94b5c3b28cafbb048edd4de6dc2c41f9220418"
url = "https://github.com/pnpm/pnpm/releases/download/v10.20.0/pnpm-linux-x64"

[tools.pnpm."platforms.macos-arm64"]
checksum = "sha256:6ce67b7b237b349fbb27a1f52fe0b3d6d754679fec2b31c9db98e134599f1371"
url = "https://github.com/pnpm/pnpm/releases/download/v10.20.0/pnpm-macos-arm64"

[tools.pnpm."platforms.macos-x64"]
checksum = "sha256:0f2ae7764d119f02a1a608583237e469ada97866ba56c9f8f369fac5863b2446"
url = "https://github.com/pnpm/pnpm/releases/download/v10.20.0/pnpm-macos-x64"

[tools.pnpm."platforms.windows-x64"]
checksum = "sha256:f0dbd1634d1252d6225978935ec86716dee3f07440f0273c7582c6bc9f54756d"
url = "https://github.com/pnpm/pnpm/releases/download/v10.20.0/pnpm-win-x64.exe"

[[tools.rust]]
version = "1.95.0"
backend = "core:rust"
