# @generated - this file is auto-generated by `mise lock` https://mise.jdx.dev/dev-tools/mise-lock.html

[[tools.cmake]]
version = "4.3.2"
backend = "aqua:Kitware/CMake"

[tools.cmake."platforms.linux-arm64"]
checksum = "sha256:377079ab739f5765176f427609d9a2015b756ea20d5cba908d279c3731a2f481"
url = "https://github.com/Kitware/CMake/releases/download/v4.3.2/cmake-4.3.2-linux-aarch64.tar.gz"

[tools.cmake."platforms.linux-arm64-musl"]
checksum = "sha256:377079ab739f5765176f427609d9a2015b756ea20d5cba908d279c3731a2f481"
url = "https://github.com/Kitware/CMake/releases/download/v4.3.2/cmake-4.3.2-linux-aarch64.tar.gz"

[tools.cmake."platforms.linux-x64"]
checksum = "sha256:791ae3604841ca03cb3889a3ad89165346e4b180ae3448efd4b0caa9ef46d245"
url = "https://github.com/Kitware/CMake/releases/download/v4.3.2/cmake-4.3.2-linux-x86_64.tar.gz"

[tools.cmake."platforms.linux-x64-musl"]
checksum = "sha256:791ae3604841ca03cb3889a3ad89165346e4b180ae3448efd4b0caa9ef46d245"
url = "https://github.com/Kitware/CMake/releases/download/v4.3.2/cmake-4.3.2-linux-x86_64.tar.gz"

[tools.cmake."platforms.macos-arm64"]
checksum = "sha256:808ab43a0db04c8eec9ed7db12b90d7be1c8e2e75f4a060724d604a2043ccaf7"
url = "https://github.com/Kitware/CMake/releases/download/v4.3.2/cmake-4.3.2-macos-universal.tar.gz"

[tools.cmake."platforms.macos-x64"]
checksum = "sha256:808ab43a0db04c8eec9ed7db12b90d7be1c8e2e75f4a060724d604a2043ccaf7"
url = "https://github.com/Kitware/CMake/releases/download/v4.3.2/cmake-4.3.2-macos-universal.tar.gz"

[tools.cmake."platforms.windows-x64"]
checksum = "sha256:83d20c23f5c5f64b3b328785e35b23c532e33057a97ed6294acaca3781b78a01"
url = "https://github.com/Kitware/CMake/releases/download/v4.3.2/cmake-4.3.2-windows-x86_64.zip"

[[tools.node]]
version = "24.19.0"
backend = "core:node"

[tools.node."platforms.linux-arm64"]
checksum = "sha256:d28c8a5bf0a808f0ed434a1dce8c54ae98f0371c0bd86ac58abc613f73e6643f"
url = "https://nodejs.org/dist/v24.19.0/node-v24.19.0-linux-arm64.tar.gz"

[tools.node."platforms.linux-arm64-musl"]
checksum = "sha256:20824e4d35948fae5b337dccef47813b04d8995312f59df7386f2256d9f9ab7e"
url = "https://unofficial-builds.nodejs.org/download/release/v24.19.0/node-v24.19.0-linux-arm64-musl.tar.gz"

[tools.node."platforms.linux-x64"]
checksum = "sha256:f625d97cd707df4ff96254916fbc5ff014f09c09effe5a1e0ca8f6d41a8789d4"
url = "https://nodejs.org/dist/v24.19.0/node-v24.19.0-linux-x64.tar.gz"

[tools.node."platforms.linux-x64-musl"]
checksum = "sha256:c60223786df14a5d23e220ebb8e60318f5322640a62f90e6d9e54d3a18da532e"
url = "https://unofficial-builds.nodejs.org/download/release/v24.19.0/node-v24.19.0-linux-x64-musl.tar.gz"

[tools.node."platforms.macos-arm64"]
checksum = "sha256:8294b7aa9b03997481c06babf1e8b270c859358f27da57a11509afe537ac381d"
url = "https://nodejs.org/dist/v24.19.0/node-v24.19.0-darwin-arm64.tar.gz"

[tools.node."platforms.macos-x64"]
checksum = "sha256:d1b5e999db158c62fe8f7267a4476b035d8bd93b1a605bac24a3f0dd166e3316"
url = "https://nodejs.org/dist/v24.19.0/node-v24.19.0-darwin-x64.tar.gz"

[tools.node."platforms.windows-x64"]
checksum = "sha256:57f71ab3652e797d84acddc79c81cc9ff1c6ddb2a1974cdb83f00fee9bff4c73"
url = "https://nodejs.org/dist/v24.19.0/node-v24.19.0-win-x64.zip"

[[tools.pnpm]]
version = "10.20.0"
backend = "aqua:pnpm/pnpm"

[tools.pnpm."platforms.linux-arm64"]
checksum = "sha256:4764bda31f770121b8ff3cd5edfb1ed24afa16046b992fd00028150bf080fbff"
url = "https://github.com/pnpm/pnpm/releases/download/v10.20.0/pnpm-linux-arm64"

[tools.pnpm."platforms.linux-arm64-musl"]
checksum = "sha256:4764bda31f770121b8ff3cd5edfb1ed24afa16046b992fd00028150bf080fbff"
url = "https://github.com/pnpm/pnpm/releases/download/v10.20.0/pnpm-linux-arm64"

[tools.pnpm."platforms.linux-x64"]
checksum = "sha256:d25defac8655080add042decfa94b5c3b28cafbb048edd4de6dc2c41f9220418"
url = "https://github.com/pnpm/pnpm/releases/download/v10.20.0/pnpm-linux-x64"

[tools.pnpm."platforms.linux-x64-musl"]
checksum = "sha256:d25defac8655080add042decfa94b5c3b28cafbb048edd4de6dc2c41f9220418"
url = "https://github.com/pnpm/pnpm/releases/download/v10.20.0/pnpm-linux-x64"

[tools.pnpm."platforms.macos-arm64"]
checksum = "sha256:6ce67b7b237b349fbb27a1f52fe0b3d6d754679fec2b31c9db98e134599f1371"
url = "https://github.com/pnpm/pnpm/releases/download/v10.20.0/pnpm-macos-arm64"

[tools.pnpm."platforms.macos-x64"]
checksum = "sha256:0f2ae7764d119f02a1a608583237e469ada97866ba56c9f8f369fac5863b2446"
url = "https://github.com/pnpm/pnpm/releases/download/v10.20.0/pnpm-macos-x64"

[tools.pnpm."platforms.windows-x64"]
checksum = "sha256:f0dbd1634d1252d6225978935ec86716dee3f07440f0273c7582c6bc9f54756d"
url = "https://github.com/pnpm/pnpm/releases/download/v10.20.0/pnpm-win-x64.exe"

[[tools.rust]]
version = "1.96.1"
backend = "core:rust"

[tools.rust.options]
components = "clippy,rust-analyzer,rust-src,rustfmt"
profile = "minimal"
