{
  "nodes": {
    "flake-utils": {
      "inputs": {
        "systems": "systems"
      },
      "locked": {
        "lastModified": 1726560853,
        "narHash": "sha256-X6rJYSESBVr3hBoH0WbKE5KvhPU5bloyZ2L4K60/fPQ=",
        "owner": "numtide",
        "repo": "flake-utils",
        "rev": "c1dfcf08411b08f6b8615f7d8971a2bfa81d5e8a",
        "type": "github"
      },
      "original": {
        "owner": "numtide",
        "repo": "flake-utils",
        "type": "github"
      }
    },
    "flake-utils_2": {
      "inputs": {
        "systems": "systems_2"
      },
      "locked": {
        "lastModified": 1726560853,
        "narHash": "sha256-X6rJYSESBVr3hBoH0WbKE5KvhPU5bloyZ2L4K60/fPQ=",
        "owner": "numtide",
        "repo": "flake-utils",
        "rev": "c1dfcf08411b08f6b8615f7d8971a2bfa81d5e8a",
        "type": "github"
      },
      "original": {
        "owner": "numtide",
        "repo": "flake-utils",
        "type": "github"
      }
    },
    "nix-playwright-browsers": {
      "inputs": {
        "flake-utils": "flake-utils_2",
        "nixpkgs": "nixpkgs"
      },
      "locked": {
        "lastModified": 1727577780,
        "narHash": "sha256-yoBul0Y7WDdjqUiJgWTMBrrYnyC/5ObdEsuI5P7Xdgw=",
        "owner": "voidus",
        "repo": "nix-playwright-browsers",
        "rev": "6e6ffee8c9e0961b24d8f0eb4df3cc13535b3055",
        "type": "github"
      },
      "original": {
        "owner": "voidus",
        "repo": "nix-playwright-browsers",
        "type": "github"
      }
    },
    "nixpkgs": {
      "locked": {
        "lastModified": 1727348695,
        "narHash": "sha256-J+PeFKSDV+pHL7ukkfpVzCOO7mBSrrpJ3svwBFABbhI=",
        "owner": "nixos",
        "repo": "nixpkgs",
        "rev": "1925c603f17fc89f4c8f6bf6f631a802ad85d784",
        "type": "github"
      },
      "original": {
        "owner": "nixos",
        "ref": "nixos-unstable",
        "repo": "nixpkgs",
        "type": "github"
      }
    },
    "nixpkgs_2": {
      "locked": {
        "lastModified": 1729691686,
        "narHash": "sha256-BAuPWW+9fa1moZTU+jFh+1cUtmsuF8asgzFwejM4wac=",
        "owner": "nixos",
        "repo": "nixpkgs",
        "rev": "32e940c7c420600ef0d1ef396dc63b04ee9cad37",
        "type": "github"
      },
      "original": {
        "owner": "nixos",
        "ref": "nixos-24.05",
        "repo": "nixpkgs",
        "type": "github"
      }
    },
    "root": {
      "inputs": {
        "flake-utils": "flake-utils",
        "nix-playwright-browsers": "nix-playwright-browsers",
        "nixpkgs": "nixpkgs_2",
        "rust-overlay": "rust-overlay",
        "unstablePkgs": "unstablePkgs"
      }
    },
    "rust-overlay": {
      "inputs": {
        "nixpkgs": [
          "unstablePkgs"
        ]
      },
      "locked": {
        "lastModified": 1729909612,
        "narHash": "sha256-eXqxxbOagphPfjPptSlv0pQONB3fH15CQ4G8uCu1BW4=",
        "owner": "oxalica",
        "repo": "rust-overlay",
        "rev": "17cadbc36da05e75197d082decb382a5f4208e30",
        "type": "github"
      },
      "original": {
        "owner": "oxalica",
        "repo": "rust-overlay",
        "type": "github"
      }
    },
    "systems": {
      "locked": {
        "lastModified": 1681028828,
        "narHash": "sha256-Vy1rq5AaRuLzOxct8nz4T6wlgyUR7zLU309k9mBC768=",
        "owner": "nix-systems",
        "repo": "default",
        "rev": "da67096a3b9bf56a91d16901293e51ba5b49a27e",
        "type": "github"
      },
      "original": {
        "owner": "nix-systems",
        "repo": "default",
        "type": "github"
      }
    },
    "systems_2": {
      "locked": {
        "lastModified": 1681028828,
        "narHash": "sha256-Vy1rq5AaRuLzOxct8nz4T6wlgyUR7zLU309k9mBC768=",
        "owner": "nix-systems",
        "repo": "default",
        "rev": "da67096a3b9bf56a91d16901293e51ba5b49a27e",
        "type": "github"
      },
      "original": {
        "owner": "nix-systems",
        "repo": "default",
        "type": "github"
      }
    },
    "unstablePkgs": {
      "locked": {
        "lastModified": 1729850857,
        "narHash": "sha256-WvLXzNNnnw+qpFOmgaM3JUlNEH+T4s22b5i2oyyCpXE=",
        "owner": "nixos",
        "repo": "nixpkgs",
        "rev": "41dea55321e5a999b17033296ac05fe8a8b5a257",
        "type": "github"
      },
      "original": {
        "owner": "nixos",
        "ref": "nixpkgs-unstable",
        "repo": "nixpkgs",
        "type": "github"
      }
    }
  },
  "root": "root",
  "version": 7
}
